
Microsoft Visual Studio Solution File, Format Version 12.00
# Visual Studio Version 17
VisualStudioVersion = 17.14.36915.13 d17.14
MinimumVisualStudioVersion = 10.0.40219.1
Project("{FAE04EC0-301F-11D3-BF4B-00C04F79EFBC}") = "Academy", "Academy\Academy.csproj", "{D033D3ED-E060-4A7F-8D7B-BB18E856B4BC}"
EndProject
Global
	GlobalSection(SolutionConfigurationPlatforms) = preSolution
		Debug|Any CPU = Debug|Any CPU
		Release|Any CPU = Release|Any CPU
	EndGlobalSection
	GlobalSection(ProjectConfigurationPlatforms) = postSolution
		{D033D3ED-E060-4A7F-8D7B-BB18E856B4BC}.Debug|Any CPU.ActiveCfg = Debug|Any CPU
		{D033D3ED-E060-4A7F-8D7B-BB18E856B4BC}.Debug|Any CPU.Build.0 = Debug|Any CPU
		{D033D3ED-E060-4A7F-8D7B-BB18E856B4BC}.Release|Any CPU.ActiveCfg = Release|Any CPU
		{D033D3ED-E060-4A7F-8D7B-BB18E856B4BC}.Release|Any CPU.Build.0 = Release|Any CPU
	EndGlobalSection
	GlobalSection(SolutionProperties) = preSolution
		HideSolutionNode = FALSE
	EndGlobalSection
	GlobalSection(ExtensibilityGlobals) = postSolution
		SolutionGuid = {21D174E1-B23F-4FF6-8C81-94F1086BF944}
	EndGlobalSection
EndGlobal
